// !$*UTF8*$!
{
	archiveVersion = 1;
	classes = {
	};
	objectVersion = 46;
	objects = {

/* Begin PBXBuildFile section */
		1FD5D8D91E945B9200F57F12 /* AppDelegate.swift in Sources */ = {isa = PBXBuildFile; fileRef = 1FD5D8D81E945B9200F57F12 /* AppDelegate.swift */; };
		1FD5D8DB1E945B9200F57F12 /* ViewController.swift in Sources */ = {isa = PBXBuildFile; fileRef = 1FD5D8DA1E945B9200F57F12 /* ViewController.swift */; };
		1FD5D8DE1E945B9200F57F12 /* Main.storyboard in Resources */ = {isa = PBXBuildFile; fileRef = 1FD5D8DC1E945B9200F57F12 /* Main.storyboard */; };
		1FD5D8E11E945B9200F57F12 /* valuta.xcdatamodeld in Sources */ = {isa = PBXBuildFile; fileRef = 1FD5D8DF1E945B9200F57F12 /* valuta.xcdatamodeld */; };
		1FD5D8E31E945B9200F57F12 /* Assets.xcassets in Resources */ = {isa = PBXBuildFile; fileRef = 1FD5D8E21E945B9200F57F12 /* Assets.xcassets */; };
		1FD5D8E61E945B9200F57F12 /* LaunchScreen.storyboard in Resources */ = {isa = PBXBuildFile; fileRef = 1FD5D8E41E945B9200F57F12 /* LaunchScreen.storyboard */; };
/* End PBXBuildFile section */

/* Begin PBXFileReference section */
		1FD5D8D51E945B9200F57F12 /* valuta.app */ = {isa = PBXFileReference; explicitFileType = wrapper.application; includeInIndex = 0; path = valuta.app; sourceTree = BUILT_PRODUCTS_DIR; };
		1FD5D8D81E945B9200F57F12 /* AppDelegate.swift */ = {isa = PBXFileReference; lastKnownFileType = sourcecode.swift; path = AppDelegate.swift; sourceTree = "<group>"; };
		1FD5D8DA1E945B9200F57F12 /* ViewController.swift */ = {isa = PBXFileReference; lastKnownFileType = sourcecode.swift; path = ViewController.swift; sourceTree = "<group>"; };
		1FD5D8DD1E945B9200F57F12 /* Base */ = {isa = PBXFileReference; lastKnownFileType = file.storyboard; name = Base; path = Base.lproj/Main.storyboard; sourceTree = "<group>"; };
		1FD5D8E01E945B9200F57F12 /* valuta.xcdatamodel */ = {isa = PBXFileReference; lastKnownFileType = wrapper.xcdatamodel; path = valuta.xcdatamodel; sourceTree = "<group>"; };
		1FD5D8E21E945B9200F57F12 /* Assets.xcassets */ = {isa = PBXFileReference; lastKnownFileType = folder.assetcatalog; path = Assets.xcassets; sourceTree = "<group>"; };
		1FD5D8E51E945B9200F57F12 /* Base */ = {isa = PBXFileReference; lastKnownFileType = file.storyboard; name = Base; path = Base.lproj/LaunchScreen.storyboard; sourceTree = "<group>"; };
		1FD5D8E71E945B9200F57F12 /* Info.plist */ = {isa = PBXFileReference; lastKnownFileType = text.plist.xml; path = Info.plist; sourceTree = "<group>"; };
/* End PBXFileReference section */

/* Begin PBXFrameworksBuildPhase section */
		1FD5D8D21E945B9100F57F12 /* Frameworks */ = {
			isa = PBXFrameworksBuildPhase;
			buildActionMask = 2147483647;
			files = (
			);
			runOnlyForDeploymentPostprocessing = 0;
		};
/* End PBXFrameworksBuildPhase section */

/* Begin PBXGroup section */
		1FD5D8CC1E945B9100F57F12 = {
			isa = PBXGroup;
			children = (
				1FD5D8D71E945B9200F57F12 /* valuta */,
				1FD5D8D61E945B9200F57F12 /* Products */,
			);
			sourceTree = "<group>";
		};
		1FD5D8D61E945B9200F57F12 /* Products */ = {
			isa = PBXGroup;
			children = (
				1FD5D8D51E945B9200F57F12 /* valuta.app */,
			);
			name = Products;
			sourceTree = "<group>";
		};
		1FD5D8D71E945B9200F57F12 /* valuta */ = {
			isa = PBXGroup;
			children = (
				1FD5D8EE1E945EB200F57F12 /* App */,
				1FD5D8F01E945EDD00F57F12 /* UI */,
				1FD5D8F31E945F0700F57F12 /* Supporting Files */,
			);
			path = valuta;
			sourceTree = "<group>";
		};
		1FD5D8EE1E945EB200F57F12 /* App */ = {
			isa = PBXGroup;
			children = (
				1FD5D8D81E945B9200F57F12 /* AppDelegate.swift */,
			);
			name = App;
			sourceTree = "<group>";
		};
		1FD5D8F01E945EDD00F57F12 /* UI */ = {
			isa = PBXGroup;
			children = (
				1FD5D8E41E945B9200F57F12 /* LaunchScreen.storyboard */,
				1FD5D8DC1E945B9200F57F12 /* Main.storyboard */,
				1FD5D8F21E945EF500F57F12 /* Views */,
				1FD5D8F11E945EE600F57F12 /* ViewControllers */,
			);
			name = UI;
			sourceTree = "<group>";
		};
		1FD5D8F11E945EE600F57F12 /* ViewControllers */ = {
			isa = PBXGroup;
			children = (
				1FD5D8DA1E945B9200F57F12 /* ViewController.swift */,
			);
			name = ViewControllers;
			sourceTree = "<group>";
		};
		1FD5D8F21E945EF500F57F12 /* Views */ = {
			isa = PBXGroup;
			children = (
			);
			name = Views;
			sourceTree = "<group>";
		};
		1FD5D8F31E945F0700F57F12 /* Supporting Files */ = {
			isa = PBXGroup;
			children = (
				1FD5D8E21E945B9200F57F12 /* Assets.xcassets */,
				1FD5D8E71E945B9200F57F12 /* Info.plist */,
				1FD5D8DF1E945B9200F57F12 /* valuta.xcdatamodeld */,
			);
			name = "Supporting Files";
			sourceTree = "<group>";
		};
/* End PBXGroup section */

/* Begin PBXNativeTarget section */
		1FD5D8D41E945B9100F57F12 /* valuta */ = {
			isa = PBXNativeTarget;
			buildConfigurationList = 1FD5D8EA1E945B9200F57F12 /* Build configuration list for PBXNativeTarget "valuta" */;
			buildPhases = (
				1FD5D8D11E945B9100F57F12 /* Sources */,
				1FD5D8D21E945B9100F57F12 /* Frameworks */,
				1FD5D8D31E945B9100F57F12 /* Resources */,
			);
			buildRules = (
			);
			dependencies = (
			);
			name = valuta;
			productName = valuta;
			productReference = 1FD5D8D51E945B9200F57F12 /* valuta.app */;
			productType = "com.apple.product-type.application";
		};
/* End PBXNativeTarget section */

/* Begin PBXProject section */
		1FD5D8CD1E945B9100F57F12 /* Project object */ = {
			isa = PBXProject;
			attributes = {
				LastSwiftUpdateCheck = 0820;
				LastUpgradeCheck = 0820;
				ORGANIZATIONNAME = "Александр";
				TargetAttributes = {
					1FD5D8D41E945B9100F57F12 = {
						CreatedOnToolsVersion = 8.2;
						DevelopmentTeam = 84V739CU2U;
						ProvisioningStyle = Automatic;
					};
				};
			};
			buildConfigurationList = 1FD5D8D01E945B9100F57F12 /* Build configuration list for PBXProject "valuta" */;
			compatibilityVersion = "Xcode 3.2";
			developmentRegion = English;
			hasScannedForEncodings = 0;
			knownRegions = (
				en,
				Base,
			);
			mainGroup = 1FD5D8CC1E945B9100F57F12;
			productRefGroup = 1FD5D8D61E945B9200F57F12 /* Products */;
			projectDirPath = "";
			projectRoot = "";
			targets = (
				1FD5D8D41E945B9100F57F12 /* valuta */,
			);
		};
/* End PBXProject section */

/* Begin PBXResourcesBuildPhase section */
		1FD5D8D31E945B9100F57F12 /* Resources */ = {
			isa = PBXResourcesBuildPhase;
			buildActionMask = 2147483647;
			files = (
				1FD5D8E61E945B9200F57F12 /* LaunchScreen.storyboard in Resources */,
				1FD5D8E31E945B9200F57F12 /* Assets.xcassets in Resources */,
				1FD5D8DE1E945B9200F57F12 /* Main.storyboard in Resources */,
			);
			runOnlyForDeploymentPostprocessing = 0;
		};
/* End PBXResourcesBuildPhase section */

/* Begin PBXSourcesBuildPhase section */
		1FD5D8D11E945B9100F57F12 /* Sources */ = {
			isa = PBXSourcesBuildPhase;
			buildActionMask = 2147483647;
			files = (
				1FD5D8DB1E945B9200F57F12 /* ViewController.swift in Sources */,
				1FD5D8E11E945B9200F57F12 /* valuta.xcdatamodeld in Sources */,
				1FD5D8D91E945B9200F57F12 /* AppDelegate.swift in Sources */,
			);
			runOnlyForDeploymentPostprocessing = 0;
		};
/* End PBXSourcesBuildPhase section */

/* Begin PBXVariantGroup section */
		1FD5D8DC1E945B9200F57F12 /* Main.storyboard */ = {
			isa = PBXVariantGroup;
			children = (
				1FD5D8DD1E945B9200F57F12 /* Base */,
			);
			name = Main.storyboard;
			sourceTree = "<group>";
		};
		1FD5D8E41E945B9200F57F12 /* LaunchScreen.storyboard */ = {
			isa = PBXVariantGroup;
			children = (
				1FD5D8E51E945B9200F57F12 /* Base */,
			);
			name = LaunchScreen.storyboard;
			sourceTree = "<group>";
		};
/* End PBXVariantGroup section */

/* Begin XCBuildConfiguration section */
		1FD5D8E81E945B9200F57F12 /* Debug */ = {
			isa = XCBuildConfiguration;
			buildSettings = {
				ALWAYS_SEARCH_USER_PATHS = NO;
				CLANG_ANALYZER_NONNULL = YES;
				CLANG_CXX_LANGUAGE_STANDARD = "gnu++0x";
				CLANG_CXX_LIBRARY = "libc++";
				CLANG_ENABLE_MODULES = YES;
				CLANG_ENABLE_OBJC_ARC = YES;
				CLANG_WARN_BOOL_CONVERSION = YES;
				CLANG_WARN_CONSTANT_CONVERSION = YES;
				CLANG_WARN_DIRECT_OBJC_ISA_USAGE = YES_ERROR;
				CLANG_WARN_DOCUMENTATION_COMMENTS = YES;
				CLANG_WARN_EMPTY_BODY = YES;
				CLANG_WARN_ENUM_CONVERSION = YES;
				CLANG_WARN_INFINITE_RECURSION = YES;
				CLANG_WARN_INT_CONVERSION = YES;
				CLANG_WARN_OBJC_ROOT_CLASS = YES_ERROR;
				CLANG_WARN_SUSPICIOUS_MOVE = YES;
				CLANG_WARN_UNREACHABLE_CODE = YES;
				CLANG_WARN__DUPLICATE_METHOD_MATCH = YES;
				"CODE_SIGN_IDENTITY[sdk=iphoneos*]" = "iPhone Developer";
				COPY_PHASE_STRIP = NO;
				DEBUG_INFORMATION_FORMAT = dwarf;
				ENABLE_STRICT_OBJC_MSGSEND = YES;
				ENABLE_TESTABILITY = YES;
				GCC_C_LANGUAGE_STANDARD = gnu99;
				GCC_DYNAMIC_NO_PIC = NO;
				GCC_NO_COMMON_BLOCKS = YES;
				GCC_OPTIMIZATION_LEVEL = 0;
				GCC_PREPROCESSOR_DEFINITIONS = (
					"DEBUG=1",
					"$(inherited)",
				);
				GCC_WARN_64_TO_32_BIT_CONVERSION = YES;
				GCC_WARN_ABOUT_RETURN_TYPE = YES_ERROR;
				GCC_WARN_UNDECLARED_SELECTOR = YES;
				GCC_WARN_UNINITIALIZED_AUTOS = YES_AGGRESSIVE;
				GCC_WARN_UNUSED_FUNCTION = YES;
				GCC_WARN_UNUSED_VARIABLE = YES;
				IPHONEOS_DEPLOYMENT_TARGET = 10.2;
				MTL_ENABLE_DEBUG_INFO = YES;
				ONLY_ACTIVE_ARCH = YES;
				SDKROOT = iphoneos;
				SWIFT_ACTIVE_COMPILATION_CONDITIONS = DEBUG;
				SWIFT_OPTIMIZATION_LEVEL = "-Onone";
			};
			name = Debug;
		};
		1FD5D8E91E945B9200F57F12 /* Release */ = {
			isa = XCBuildConfiguration;
			buildSettings = {
				ALWAYS_SEARCH_USER_PATHS = NO;
				CLANG_ANALYZER_NONNULL = YES;
				CLANG_CXX_LANGUAGE_STANDARD = "gnu++0x";
				CLANG_CXX_LIBRARY = "libc++";
				CLANG_ENABLE_MODULES = YES;
				CLANG_ENABLE_OBJC_ARC = YES;
				CLANG_WARN_BOOL_CONVERSION = YES;
				CLANG_WARN_CONSTANT_CONVERSION = YES;
				CLANG_WARN_DIRECT_OBJC_ISA_USAGE = YES_ERROR;
				CLANG_WARN_DOCUMENTATION_COMMENTS = YES;
				CLANG_WARN_EMPTY_BODY = YES;
				CLANG_WARN_ENUM_CONVERSION = YES;
				CLANG_WARN_INFINITE_RECURSION = YES;
				CLANG_WARN_INT_CONVERSION = YES;
				CLANG_WARN_OBJC_ROOT_CLASS = YES_ERROR;
				CLANG_WARN_SUSPICIOUS_MOVE = YES;
				CLANG_WARN_UNREACHABLE_CODE = YES;
				CLANG_WARN__DUPLICATE_METHOD_MATCH = YES;
				"CODE_SIGN_IDENTITY[sdk=iphoneos*]" = "iPhone Developer";
				COPY_PHASE_STRIP = NO;
				DEBUG_INFORMATION_FORMAT = "dwarf-with-dsym";
				ENABLE_NS_ASSERTIONS = NO;
				ENABLE_STRICT_OBJC_MSGSEND = YES;
				GCC_C_LANGUAGE_STANDARD = gnu99;
				GCC_NO_COMMON_BLOCKS = YES;
				GCC_WARN_64_TO_32_BIT_CONVERSION = YES;
				GCC_WARN_ABOUT_RETURN_TYPE = YES_ERROR;
				GCC_WARN_UNDECLARED_SELECTOR = YES;
				GCC_WARN_UNINITIALIZED_AUTOS = YES_AGGRESSIVE;
				GCC_WARN_UNUSED_FUNCTION = YES;
				GCC_WARN_UNUSED_VARIABLE = YES;
				IPHONEOS_DEPLOYMENT_TARGET = 10.2;
				MTL_ENABLE_DEBUG_INFO = NO;
				SDKROOT = iphoneos;
				SWIFT_OPTIMIZATION_LEVEL = "-Owholemodule";
				VALIDATE_PRODUCT = YES;
			};
			name = Release;
		};
		1FD5D8EB1E945B9200F57F12 /* Debug */ = {
			isa = XCBuildConfiguration;
			buildSettings = {
				ASSETCATALOG_COMPILER_APPICON_NAME = AppIcon;
				DEVELOPMENT_TEAM = 84V739CU2U;
				INFOPLIST_FILE = valuta/Info.plist;
				IPHONEOS_DEPLOYMENT_TARGET = 10.0;
				LD_RUNPATH_SEARCH_PATHS = "$(inherited) @executable_path/Frameworks";
				PRODUCT_BUNDLE_IDENTIFIER = gariken.valuta;
				PRODUCT_NAME = "$(TARGET_NAME)";
				SWIFT_VERSION = 3.0;
			};
			name = Debug;
		};
		1FD5D8EC1E945B9200F57F12 /* Release */ = {
			isa = XCBuildConfiguration;
			buildSettings = {
				ASSETCATALOG_COMPILER_APPICON_NAME = AppIcon;
				DEVELOPMENT_TEAM = 84V739CU2U;
				INFOPLIST_FILE = valuta/Info.plist;
				IPHONEOS_DEPLOYMENT_TARGET = 10.0;
				LD_RUNPATH_SEARCH_PATHS = "$(inherited) @executable_path/Frameworks";
				PRODUCT_BUNDLE_IDENTIFIER = gariken.valuta;
				PRODUCT_NAME = "$(TARGET_NAME)";
				SWIFT_VERSION = 3.0;
			};
			name = Release;
		};
/* End XCBuildConfiguration section */

/* Begin XCConfigurationList section */
		1FD5D8D01E945B9100F57F12 /* Build configuration list for PBXProject "valuta" */ = {
			isa = XCConfigurationList;
			buildConfigurations = (
				1FD5D8E81E945B9200F57F12 /* Debug */,
				1FD5D8E91E945B9200F57F12 /* Release */,
			);
			defaultConfigurationIsVisible = 0;
			defaultConfigurationName = Release;
		};
		1FD5D8EA1E945B9200F57F12 /* Build configuration list for PBXNativeTarget "valuta" */ = {
			isa = XCConfigurationList;
			buildConfigurations = (
				1FD5D8EB1E945B9200F57F12 /* Debug */,
				1FD5D8EC1E945B9200F57F12 /* Release */,
			);
			defaultConfigurationIsVisible = 0;
		};
/* End XCConfigurationList section */

/* Begin XCVersionGroup section */
		1FD5D8DF1E945B9200F57F12 /* valuta.xcdatamodeld */ = {
			isa = XCVersionGroup;
			children = (
				1FD5D8E01E945B9200F57F12 /* valuta.xcdatamodel */,
			);
			currentVersion = 1FD5D8E01E945B9200F57F12 /* valuta.xcdatamodel */;
			path = valuta.xcdatamodeld;
			sourceTree = "<group>";
			versionGroupType = wrapper.xcdatamodel;
		};
/* End XCVersionGroup section */
	};
	rootObject = 1FD5D8CD1E945B9100F57F12 /* Project object */;
}
